// !$*UTF8*$!
{
	archiveVersion = 1;
	classes = {
	};
	objectVersion = 46;
	objects = {

/* Begin PBXBuildFile section */
		B8E521CB1E9D2CA200DC9E7B /* AppDelegate.swift in Sources */ = {isa = PBXBuildFile; fileRef = B8E521CA1E9D2CA200DC9E7B /* AppDelegate.swift */; };
		B8E521CD1E9D2CA200DC9E7B /* ViewController.swift in Sources */ = {isa = PBXBuildFile; fileRef = B8E521CC1E9D2CA200DC9E7B /* ViewController.swift */; };
		B8E521CF1E9D2CA200DC9E7B /* Assets.xcassets in Resources */ = {isa = PBXBuildFile; fileRef = B8E521CE1E9D2CA200DC9E7B /* Assets.xcassets */; };
		B8E521D21E9D2CA200DC9E7B /* Main.storyboard in Resources */ = {isa = PBXBuildFile; fileRef = B8E521D01E9D2CA200DC9E7B /* Main.storyboard */; };
		E118A59BBB7072B509A40A15 /* Pods_YogaKitSampleMacOS.framework in Frameworks */ = {isa = PBXBuildFile; fileRef = 4CA7254DD4D5D566CE808652 /* Pods_YogaKitSampleMacOS.framework */; };
/* End PBXBuildFile section */

/* Begin PBXFileReference section */
		34334B3C0D91417DAA3A0323 /* Pods-YogaKitSampleMacOS.release.xcconfig */ = {isa = PBXFileReference; includeInIndex = 1; lastKnownFileType = text.xcconfig; name = "Pods-YogaKitSampleMacOS.release.xcconfig"; path = "Pods/Target Support Files/Pods-YogaKitSampleMacOS/Pods-YogaKitSampleMacOS.release.xcconfig"; sourceTree = "<group>"; };
		36FD435DC773F91CC26ED1B1 /* Pods-YogaKitSampleMacOS.debug.xcconfig */ = {isa = PBXFileReference; includeInIndex = 1; lastKnownFileType = text.xcconfig; name = "Pods-YogaKitSampleMacOS.debug.xcconfig"; path = "Pods/Target Support Files/Pods-YogaKitSampleMacOS/Pods-YogaKitSampleMacOS.debug.xcconfig"; sourceTree = "<group>"; };
		4CA7254DD4D5D566CE808652 /* Pods_YogaKitSampleMacOS.framework */ = {isa = PBXFileReference; explicitFileType = wrapper.framework; includeInIndex = 0; path = Pods_YogaKitSampleMacOS.framework; sourceTree = BUILT_PRODUCTS_DIR; };
		B8E521C71E9D2CA200DC9E7B /* YogaKitSampleMacOS.app */ = {isa = PBXFileReference; explicitFileType = wrapper.application; includeInIndex = 0; path = YogaKitSampleMacOS.app; sourceTree = BUILT_PRODUCTS_DIR; };
		B8E521CA1E9D2CA200DC9E7B /* AppDelegate.swift */ = {isa = PBXFileReference; lastKnownFileType = sourcecode.swift; path = AppDelegate.swift; sourceTree = "<group>"; };
		B8E521CC1E9D2CA200DC9E7B /* ViewController.swift */ = {isa = PBXFileReference; lastKnownFileType = sourcecode.swift; path = ViewController.swift; sourceTree = "<group>"; };
		B8E521CE1E9D2CA200DC9E7B /* Assets.xcassets */ = {isa = PBXFileReference; lastKnownFileType = folder.assetcatalog; path = Assets.xcassets; sourceTree = "<group>"; };
		B8E521D11E9D2CA200DC9E7B /* Base */ = {isa = PBXFileReference; lastKnownFileType = file.storyboard; name = Base; path = Base.lproj/Main.storyboard; sourceTree = "<group>"; };
		B8E521D31E9D2CA200DC9E7B /* Info.plist */ = {isa = PBXFileReference; lastKnownFileType = text.plist.xml; path = Info.plist; sourceTree = "<group>"; };
/* End PBXFileReference section */

/* Begin PBXFrameworksBuildPhase section */
		B8E521C41E9D2CA200DC9E7B /* Frameworks */ = {
			isa = PBXFrameworksBuildPhase;
			buildActionMask = 2147483647;
			files = (
				E118A59BBB7072B509A40A15 /* Pods_YogaKitSampleMacOS.framework in Frameworks */,
			);
			runOnlyForDeploymentPostprocessing = 0;
		};
/* End PBXFrameworksBuildPhase section */

/* Begin PBXGroup section */
		A27EC23FA4F65FF7CB58AD7C /* Frameworks */ = {
			isa = PBXGroup;
			children = (
				4CA7254DD4D5D566CE808652 /* Pods_YogaKitSampleMacOS.framework */,
			);
			name = Frameworks;
			sourceTree = "<group>";
		};
		B8E521BE1E9D2CA200DC9E7B = {
			isa = PBXGroup;
			children = (
				B8E521C91E9D2CA200DC9E7B /* YogaKitSampleMacOS */,
				B8E521C81E9D2CA200DC9E7B /* Products */,
				BFFF38E300023FB1AC54115F /* Pods */,
				A27EC23FA4F65FF7CB58AD7C /* Frameworks */,
			);
			sourceTree = "<group>";
		};
		B8E521C81E9D2CA200DC9E7B /* Products */ = {
			isa = PBXGroup;
			children = (
				B8E521C71E9D2CA200DC9E7B /* YogaKitSampleMacOS.app */,
			);
			name = Products;
			sourceTree = "<group>";
		};
		B8E521C91E9D2CA200DC9E7B /* YogaKitSampleMacOS */ = {
			isa = PBXGroup;
			children = (
				B8E521CA1E9D2CA200DC9E7B /* AppDelegate.swift */,
				B8E521CC1E9D2CA200DC9E7B /* ViewController.swift */,
				B8E521CE1E9D2CA200DC9E7B /* Assets.xcassets */,
				B8E521D01E9D2CA200DC9E7B /* Main.storyboard */,
				B8E521D31E9D2CA200DC9E7B /* Info.plist */,
			);
			path = YogaKitSampleMacOS;
			sourceTree = "<group>";
		};
		BFFF38E300023FB1AC54115F /* Pods */ = {
			isa = PBXGroup;
			children = (
				36FD435DC773F91CC26ED1B1 /* Pods-YogaKitSampleMacOS.debug.xcconfig */,
				34334B3C0D91417DAA3A0323 /* Pods-YogaKitSampleMacOS.release.xcconfig */,
			);
			name = Pods;
			sourceTree = "<group>";
		};
/* End PBXGroup section */

/* Begin PBXNativeTarget section */
		B8E521C61E9D2CA200DC9E7B /* YogaKitSampleMacOS */ = {
			isa = PBXNativeTarget;
			buildConfigurationList = B8E521D61E9D2CA200DC9E7B /* Build configuration list for PBXNativeTarget "YogaKitSampleMacOS" */;
			buildPhases = (
				6F578E182C5CE07213504081 /* [CP] Check Pods Manifest.lock */,
				B8E521C31E9D2CA200DC9E7B /* Sources */,
				B8E521C41E9D2CA200DC9E7B /* Frameworks */,
				B8E521C51E9D2CA200DC9E7B /* Resources */,
				AD16E9BF11D8E63DDFAAAE8C /* [CP] Embed Pods Frameworks */,
				1D121B02EDF814FA8B7693FE /* [CP] Copy Pods Resources */,
			);
			buildRules = (
			);
			dependencies = (
			);
			name = YogaKitSampleMacOS;
			productName = YogaKitSampleMacOS;
			productReference = B8E521C71E9D2CA200DC9E7B /* YogaKitSampleMacOS.app */;
			productType = "com.apple.product-type.application";
		};
/* End PBXNativeTarget section */

/* Begin PBXProject section */
		B8E521BF1E9D2CA200DC9E7B /* Project object */ = {
			isa = PBXProject;
			attributes = {
				LastSwiftUpdateCheck = 0830;
				LastUpgradeCheck = 0830;
				ORGANIZATIONNAME = Facebook;
				TargetAttributes = {
					B8E521C61E9D2CA200DC9E7B = {
						CreatedOnToolsVersion = 8.3.1;
						DevelopmentTeam = V9WTTPBFK9;
						ProvisioningStyle = Automatic;
					};
				};
			};
			buildConfigurationList = B8E521C21E9D2CA200DC9E7B /* Build configuration list for PBXProject "YogaKitSampleMacOS" */;
			compatibilityVersion = "Xcode 3.2";
			developmentRegion = English;
			hasScannedForEncodings = 0;
			knownRegions = (
				en,
				Base,
			);
			mainGroup = B8E521BE1E9D2CA200DC9E7B;
			productRefGroup = B8E521C81E9D2CA200DC9E7B /* Products */;
			projectDirPath = "";
			projectRoot = "";
			targets = (
				B8E521C61E9D2CA200DC9E7B /* YogaKitSampleMacOS */,
			);
		};
/* End PBXProject section */

/* Begin PBXResourcesBuildPhase section */
		B8E521C51E9D2CA200DC9E7B /* Resources */ = {
			isa = PBXResourcesBuildPhase;
			buildActionMask = 2147483647;
			files = (
				B8E521CF1E9D2CA200DC9E7B /* Assets.xcassets in Resources */,
				B8E521D21E9D2CA200DC9E7B /* Main.storyboard in Resources */,
			);
			runOnlyForDeploymentPostprocessing = 0;
		};
/* End PBXResourcesBuildPhase section */

/* Begin PBXShellScriptBuildPhase section */
		1D121B02EDF814FA8B7693FE /* [CP] Copy Pods Resources */ = {
			isa = PBXShellScriptBuildPhase;
			buildActionMask = 2147483647;
			files = (
			);
			inputPaths = (
			);
			name = "[CP] Copy Pods Resources";
			outputPaths = (
			);
			runOnlyForDeploymentPostprocessing = 0;
			shellPath = /bin/sh;
			shellScript = "\"${SRCROOT}/Pods/Target Support Files/Pods-YogaKitSampleMacOS/Pods-YogaKitSampleMacOS-resources.sh\"\n";
			showEnvVarsInLog = 0;
		};
		6F578E182C5CE07213504081 /* [CP] Check Pods Manifest.lock */ = {
			isa = PBXShellScriptBuildPhase;
			buildActionMask = 2147483647;
			files = (
			);
			inputPaths = (
			);
			name = "[CP] Check Pods Manifest.lock";
			outputPaths = (
			);
			runOnlyForDeploymentPostprocessing = 0;
			shellPath = /bin/sh;
			shellScript = "diff \"${PODS_ROOT}/../Podfile.lock\" \"${PODS_ROOT}/Manifest.lock\" > /dev/null\nif [ $? != 0 ] ; then\n    # print error to STDERR\n    echo \"error: The sandbox is not in sync with the Podfile.lock. Run \'pod install\' or update your CocoaPods installation.\" >&2\n    exit 1\nfi\n";
			showEnvVarsInLog = 0;
		};
		AD16E9BF11D8E63DDFAAAE8C /* [CP] Embed Pods Frameworks */ = {
			isa = PBXShellScriptBuildPhase;
			buildActionMask = 2147483647;
			files = (
			);
			inputPaths = (
			);
			name = "[CP] Embed Pods Frameworks";
			outputPaths = (
			);
			runOnlyForDeploymentPostprocessing = 0;
			shellPath = /bin/sh;
			shellScript = "\"${SRCROOT}/Pods/Target Support Files/Pods-YogaKitSampleMacOS/Pods-YogaKitSampleMacOS-frameworks.sh\"\n";
			showEnvVarsInLog = 0;
		};
/* End PBXShellScriptBuildPhase section */

/* Begin PBXSourcesBuildPhase section */
		B8E521C31E9D2CA200DC9E7B /* Sources */ = {
			isa = PBXSourcesBuildPhase;
			buildActionMask = 2147483647;
			files = (
				B8E521CD1E9D2CA200DC9E7B /* ViewController.swift in Sources */,
				B8E521CB1E9D2CA200DC9E7B /* AppDelegate.swift in Sources */,
			);
			runOnlyForDeploymentPostprocessing = 0;
		};
/* End PBXSourcesBuildPhase section */

/* Begin PBXVariantGroup section */
		B8E521D01E9D2CA200DC9E7B /* Main.storyboard */ = {
			isa = PBXVariantGroup;
			children = (
				B8E521D11E9D2CA200DC9E7B /* Base */,
			);
			name = Main.storyboard;
			sourceTree = "<group>";
		};
/* End PBXVariantGroup section */

/* Begin XCBuildConfiguration section */
		B8E521D41E9D2CA200DC9E7B /* Debug */ = {
			isa = XCBuildConfiguration;
			buildSettings = {
				ALWAYS_SEARCH_USER_PATHS = NO;
				CLANG_ANALYZER_NONNULL = YES;
				CLANG_ANALYZER_NUMBER_OBJECT_CONVERSION = YES_AGGRESSIVE;
				CLANG_CXX_LANGUAGE_STANDARD = "gnu++0x";
				CLANG_CXX_LIBRARY = "libc++";
				CLANG_ENABLE_MODULES = YES;
				CLANG_ENABLE_OBJC_ARC = YES;
				CLANG_WARN_BOOL_CONVERSION = YES;
				CLANG_WARN_CONSTANT_CONVERSION = YES;
				CLANG_WARN_DIRECT_OBJC_ISA_USAGE = YES_ERROR;
				CLANG_WARN_DOCUMENTATION_COMMENTS = YES;
				CLANG_WARN_EMPTY_BODY = YES;
				CLANG_WARN_ENUM_CONVERSION = YES;
				CLANG_WARN_INFINITE_RECURSION = YES;
				CLANG_WARN_INT_CONVERSION = YES;
				CLANG_WARN_OBJC_ROOT_CLASS = YES_ERROR;
				CLANG_WARN_SUSPICIOUS_MOVE = YES;
				CLANG_WARN_UNREACHABLE_CODE = YES;
				CLANG_WARN__DUPLICATE_METHOD_MATCH = YES;
				CODE_SIGN_IDENTITY = "-";
				COPY_PHASE_STRIP = NO;
				DEBUG_INFORMATION_FORMAT = dwarf;
				ENABLE_STRICT_OBJC_MSGSEND = YES;
				ENABLE_TESTABILITY = YES;
				GCC_C_LANGUAGE_STANDARD = gnu99;
				GCC_DYNAMIC_NO_PIC = NO;
				GCC_NO_COMMON_BLOCKS = YES;
				GCC_OPTIMIZATION_LEVEL = 0;
				GCC_PREPROCESSOR_DEFINITIONS = (
					"DEBUG=1",
					"$(inherited)",
				);
				GCC_WARN_64_TO_32_BIT_CONVERSION = YES;
				GCC_WARN_ABOUT_RETURN_TYPE = YES_ERROR;
				GCC_WARN_UNDECLARED_SELECTOR = YES;
				GCC_WARN_UNINITIALIZED_AUTOS = YES_AGGRESSIVE;
				GCC_WARN_UNUSED_FUNCTION = YES;
				GCC_WARN_UNUSED_VARIABLE = YES;
				MACOSX_DEPLOYMENT_TARGET = 10.12;
				MTL_ENABLE_DEBUG_INFO = YES;
				ONLY_ACTIVE_ARCH = YES;
				SDKROOT = macosx;
				SWIFT_ACTIVE_COMPILATION_CONDITIONS = DEBUG;
				SWIFT_OPTIMIZATION_LEVEL = "-Onone";
			};
			name = Debug;
		};
		B8E521D51E9D2CA200DC9E7B /* Release */ = {
			isa = XCBuildConfiguration;
			buildSettings = {
				ALWAYS_SEARCH_USER_PATHS = NO;
				CLANG_ANALYZER_NONNULL = YES;
				CLANG_ANALYZER_NUMBER_OBJECT_CONVERSION = YES_AGGRESSIVE;
				CLANG_CXX_LANGUAGE_STANDARD = "gnu++0x";
				CLANG_CXX_LIBRARY = "libc++";
				CLANG_ENABLE_MODULES = YES;
				CLANG_ENABLE_OBJC_ARC = YES;
				CLANG_WARN_BOOL_CONVERSION = YES;
				CLANG_WARN_CONSTANT_CONVERSION = YES;
				CLANG_WARN_DIRECT_OBJC_ISA_USAGE = YES_ERROR;
				CLANG_WARN_DOCUMENTATION_COMMENTS = YES;
				CLANG_WARN_EMPTY_BODY = YES;
				CLANG_WARN_ENUM_CONVERSION = YES;
				CLANG_WARN_INFINITE_RECURSION = YES;
				CLANG_WARN_INT_CONVERSION = YES;
				CLANG_WARN_OBJC_ROOT_CLASS = YES_ERROR;
				CLANG_WARN_SUSPICIOUS_MOVE = YES;
				CLANG_WARN_UNREACHABLE_CODE = YES;
				CLANG_WARN__DUPLICATE_METHOD_MATCH = YES;
				CODE_SIGN_IDENTITY = "-";
				COPY_PHASE_STRIP = NO;
				DEBUG_INFORMATION_FORMAT = "dwarf-with-dsym";
				ENABLE_NS_ASSERTIONS = NO;
				ENABLE_STRICT_OBJC_MSGSEND = YES;
				GCC_C_LANGUAGE_STANDARD = gnu99;
				GCC_NO_COMMON_BLOCKS = YES;
				GCC_WARN_64_TO_32_BIT_CONVERSION = YES;
				GCC_WARN_ABOUT_RETURN_TYPE = YES_ERROR;
				GCC_WARN_UNDECLARED_SELECTOR = YES;
				GCC_WARN_UNINITIALIZED_AUTOS = YES_AGGRESSIVE;
				GCC_WARN_UNUSED_FUNCTION = YES;
				GCC_WARN_UNUSED_VARIABLE = YES;
				MACOSX_DEPLOYMENT_TARGET = 10.12;
				MTL_ENABLE_DEBUG_INFO = NO;
				SDKROOT = macosx;
				SWIFT_OPTIMIZATION_LEVEL = "-Owholemodule";
			};
			name = Release;
		};
		B8E521D71E9D2CA200DC9E7B /* Debug */ = {
			isa = XCBuildConfiguration;
			baseConfigurationReference = 36FD435DC773F91CC26ED1B1 /* Pods-YogaKitSampleMacOS.debug.xcconfig */;
			buildSettings = {
				ASSETCATALOG_COMPILER_APPICON_NAME = AppIcon;
				COMBINE_HIDPI_IMAGES = YES;
				DEVELOPMENT_TEAM = V9WTTPBFK9;
				INFOPLIST_FILE = YogaKitSampleMacOS/Info.plist;
				LD_RUNPATH_SEARCH_PATHS = "$(inherited) @executable_path/../Frameworks";
				PRODUCT_BUNDLE_IDENTIFIER = com.facebook.YogaKitSampleMacOS;
				PRODUCT_NAME = "$(TARGET_NAME)";
				SWIFT_VERSION = 3.0;
			};
			name = Debug;
		};
		B8E521D81E9D2CA200DC9E7B /* Release */ = {
			isa = XCBuildConfiguration;
			baseConfigurationReference = 34334B3C0D91417DAA3A0323 /* Pods-YogaKitSampleMacOS.release.xcconfig */;
			buildSettings = {
				ASSETCATALOG_COMPILER_APPICON_NAME = AppIcon;
				COMBINE_HIDPI_IMAGES = YES;
				DEVELOPMENT_TEAM = V9WTTPBFK9;
				INFOPLIST_FILE = YogaKitSampleMacOS/Info.plist;
				LD_RUNPATH_SEARCH_PATHS = "$(inherited) @executable_path/../Frameworks";
				PRODUCT_BUNDLE_IDENTIFIER = com.facebook.YogaKitSampleMacOS;
				PRODUCT_NAME = "$(TARGET_NAME)";
				SWIFT_VERSION = 3.0;
			};
			name = Release;
		};
/* End XCBuildConfiguration section */

/* Begin XCConfigurationList section */
		B8E521C21E9D2CA200DC9E7B /* Build configuration list for PBXProject "YogaKitSampleMacOS" */ = {
			isa = XCConfigurationList;
			buildConfigurations = (
				B8E521D41E9D2CA200DC9E7B /* Debug */,
				B8E521D51E9D2CA200DC9E7B /* Release */,
			);
			defaultConfigurationIsVisible = 0;
			defaultConfigurationName = Release;
		};
		B8E521D61E9D2CA200DC9E7B /* Build configuration list for PBXNativeTarget "YogaKitSampleMacOS" */ = {
			isa = XCConfigurationList;
			buildConfigurations = (
				B8E521D71E9D2CA200DC9E7B /* Debug */,
				B8E521D81E9D2CA200DC9E7B /* Release */,
			);
			defaultConfigurationIsVisible = 0;
		};
/* End XCConfigurationList section */
	};
	rootObject = B8E521BF1E9D2CA200DC9E7B /* Project object */;
}
